
Microsoft Visual Studio Solution File, Format Version 12.00
# Visual Studio Version 16
VisualStudioVersion = 16.0.30309.148
MinimumVisualStudioVersion = 10.0.40219.1
Project("{FAE04EC0-301F-11D3-BF4B-00C04F79EFBC}") = "logindemo1", "logindemo1\logindemo1.csproj", "{916628E5-7129-492C-B451-DA84CEC3AB77}"
EndProject
Global
	GlobalSection(SolutionConfigurationPlatforms) = preSolution
		Debug|Any CPU = Debug|Any CPU
		Release|Any CPU = Release|Any CPU
	EndGlobalSection
	GlobalSection(ProjectConfigurationPlatforms) = postSolution
		{916628E5-7129-492C-B451-DA84CEC3AB77}.Debug|Any CPU.ActiveCfg = Debug|Any CPU
		{916628E5-7129-492C-B451-DA84CEC3AB77}.Debug|Any CPU.Build.0 = Debug|Any CPU
		{916628E5-7129-492C-B451-DA84CEC3AB77}.Release|Any CPU.ActiveCfg = Release|Any CPU
		{916628E5-7129-492C-B451-DA84CEC3AB77}.Release|Any CPU.Build.0 = Release|Any CPU
	EndGlobalSection
	GlobalSection(SolutionProperties) = preSolution
		HideSolutionNode = FALSE
	EndGlobalSection
	GlobalSection(ExtensibilityGlobals) = postSolution
		SolutionGuid = {8634753C-F4C0-428E-9001-12723BCC0E34}
	EndGlobalSection
EndGlobal
